
Microsoft Visual Studio Solution File, Format Version 12.00
# Visual Studio Version 17
VisualStudioVersion = 17.3.32929.385
MinimumVisualStudioVersion = 10.0.40219.1
Project("{9A19103F-16F7-4668-BE54-9A1E7A4F7556}") = "SchneiderElectric.Minesweeper.Emil", "SchneiderElectric.Minesweeper.Emil\SchneiderElectric.Minesweeper.Emil.csproj", "{753CF91F-8B53-4D89-BF2F-3B06FC3F0587}"
EndProject
Project("{FAE04EC0-301F-11D3-BF4B-00C04F79EFBC}") = "SchneiderElectric.Minesweeper.Emil.UnitTests", "SchneiderElectric.Minesweeper.Emil.UnitTests\SchneiderElectric.Minesweeper.Emil.UnitTests.csproj", "{B0336B97-8D4E-458D-95E1-B8170A2E6A82}"
EndProject
Project("{2150E333-8FDC-42A3-9474-1A3956D46DE8}") = "Solution Items", "Solution Items", "{5D1FC556-FC4B-422C-AA52-D29BDAD4F530}"
	ProjectSection(SolutionItems) = preProject
		ReadMe.md = ReadMe.md
	EndProjectSection
EndProject
Global
	GlobalSection(SolutionConfigurationPlatforms) = preSolution
		Debug|Any CPU = Debug|Any CPU
		Release|Any CPU = Release|Any CPU
	EndGlobalSection
	GlobalSection(ProjectConfigurationPlatforms) = postSolution
		{753CF91F-8B53-4D89-BF2F-3B06FC3F0587}.Debug|Any CPU.ActiveCfg = Debug|Any CPU
		{753CF91F-8B53-4D89-BF2F-3B06FC3F0587}.Debug|Any CPU.Build.0 = Debug|Any CPU
		{753CF91F-8B53-4D89-BF2F-3B06FC3F0587}.Release|Any CPU.ActiveCfg = Release|Any CPU
		{753CF91F-8B53-4D89-BF2F-3B06FC3F0587}.Release|Any CPU.Build.0 = Release|Any CPU
		{B0336B97-8D4E-458D-95E1-B8170A2E6A82}.Debug|Any CPU.ActiveCfg = Debug|Any CPU
		{B0336B97-8D4E-458D-95E1-B8170A2E6A82}.Debug|Any CPU.Build.0 = Debug|Any CPU
		{B0336B97-8D4E-458D-95E1-B8170A2E6A82}.Release|Any CPU.ActiveCfg = Release|Any CPU
		{B0336B97-8D4E-458D-95E1-B8170A2E6A82}.Release|Any CPU.Build.0 = Release|Any CPU
	EndGlobalSection
	GlobalSection(SolutionProperties) = preSolution
		HideSolutionNode = FALSE
	EndGlobalSection
	GlobalSection(ExtensibilityGlobals) = postSolution
		SolutionGuid = {504362F7-185D-474A-80AF-3E3882328728}
	EndGlobalSection
EndGlobal
